{
    "_meta": {
        "hash": {
            "sha256": "8c0e93d65f27cd1e6a2f5ba194994fc259861f16f834896edab0d03080766123"
        },
        "pipfile-spec": 6,
        "requires": {
            "python_version": "3.6"
        },
        "sources": [
            {
                "name": "pypi",
                "url": "https://pypi.org/simple",
                "verify_ssl": true
            }
        ]
    },
    "default": {
        "beautifulsoup4": {
            "hashes": [
                "sha256:05668158c7b85b791c5abde53e50265e16f98ad601c402ba44d70f96c4159612",
                "sha256:25288c9e176f354bf277c0a10aa96c782a6a18a17122dba2e8cec4a97e03343b",
                "sha256:f040590be10520f2ea4c2ae8c3dae441c7cfff5308ec9d58a0ec0c1b8f81d469"
            ],
            "index": "pypi",
            "version": "==4.8.0"
        },
        "certifi": {
            "hashes": [
                "sha256:046832c04d4e752f37383b628bc601a7ea7211496b4638f6514d0e5b9acc4939",
                "sha256:945e3ba63a0b9f577b1395204e13c3a231f9bc0223888be653286534e5873695"
            ],
            "version": "==2019.6.16"
        },
        "chardet": {
            "hashes": [
                "sha256:84ab92ed1c4d4f16916e05906b6b75a6c0fb5db821cc65e70cbd64a3e2a5eaae",
                "sha256:fc323ffcaeaed0e0a02bf4d117757b98aed530d9ed4531e3e15460124c106691"
            ],
            "version": "==3.0.4"
        },
        "click": {
            "hashes": [
                "sha256:2335065e6395b9e67ca716de5f7526736bfa6ceead690adf616d925bdc622b13",
                "sha256:5b94b49521f6456670fdb30cd82a4eca9412788a93fa6dd6df72c94d5a8ff2d7"
            ],
            "index": "pypi",
            "version": "==7.0"
        },
        "future": {
            "hashes": [
                "sha256:e39ced1ab767b5936646cedba8bcce582398233d6a627067d4c6a454c90cfedb"
            ],
            "index": "pypi",
            "version": "==0.16.0"
        },
        "idna": {
            "hashes": [
                "sha256:c357b3f628cf53ae2c4c05627ecc484553142ca23264e593d327bcde5e9c3407",
                "sha256:ea8b7f6188e6fa117537c3df7da9fc686d485087abf6ac197f9c46432f7e4a3c"
            ],
            "version": "==2.8"
        },
        "pillow": {
            "hashes": [
                "sha256:22010e1f39335e06c55c131f0f378d272e37ab3180df7b9ec067f61ac0f085cc",
                "sha256:2a8686cb692bc4f3be58fbb6829f65e8e09c4c1cdac260f1c545934b3392707a",
                "sha256:367eac53b6b1a25ba6eb658c7bdac477b369a38c9799a75cd2f4fb7418a1b6cc",
                "sha256:3fb9ab75cf18873feca1232daf6cb8287581be0aa8b18cf2f4753f2c6fe6a1d6",
                "sha256:405cf4413160e1add076417be21522b9405c27d5b1015b5fb288d08f0bb2d7ff",
                "sha256:57c2d492339321c74fdda2d7cc36e04b259611c7df71fc26e9880b77a3ae1b28",
                "sha256:58408d597867db4b48c17ee25e11588accdd7c53f133cbaf1ba053470a1d1903",
                "sha256:590ecade57d9d373b9e73816b811b269693fbd231374b9f52d1bdee1c17d9b40",
                "sha256:691d12520d9d82ce4786dbc366a7a0a278bb9229e5be574e083418246f8c9081",
                "sha256:95c6cec336a08b13a97b8097175d0f5701e6db2edd69632fb46b7caeaba2129b",
                "sha256:a39a554db187b473ba422dde17eef380a23655a124558f51b31fbfc30853efca",
                "sha256:a3f2b5d6a4086f5def583b98000e4b4939f3960fc13685d493ef344306a04c2a",
                "sha256:a6a078d0ac663fedf9efdd68d888fbe9fce0b95005e33c18daec41bc79bc6bc6",
                "sha256:abfe44c1bbdc3b5c893dd4fd4abfa88bcab44759b49b86a99eb5f4b0dba80932",
                "sha256:ae416f79225a6857bc280d2615e042f4b83f74fc0bef10aff31803e0a43b8594",
                "sha256:af798bddc19da93ee39f25c96cb67634d7666d81a0e7873f07dd8009288da1dd",
                "sha256:d3b2aeb3b1e2550064419ec9b957a2971d977e43beee2416eeae2bcf3e36b8b5",
                "sha256:d63e6a17536f5b3cf2e854a19f123b60c9ba7bcc547fb4392d19f849f9316c2e",
                "sha256:d884445bd878f45df03c76f538ff95fdece047a5fdc2a49d02c463239cde649e",
                "sha256:e2af4a8c262d7d5876990a7b368f3fe9c63a55738fe9a239fa602a9da40be63e",
                "sha256:ef8b858bcddbc456be1555a324d79d5209242d461882b0b93cd5310d5521a28b",
                "sha256:efae273173ea264e513b2931bdf5a5110cf1ed355e238605957b59ab0dcd9963",
                "sha256:f8b26c0de836c1b4f61ee1ae90f834642b3dab49a4f92961df6859f047a7fae2",
                "sha256:fda8a483d252debf25e1f19be64c1b6042a77d994cdb975d63b8e0e0ae500da1"
            ],
            "index": "pypi",
            "version": "==3.4.1"
        },
        "requests": {
            "hashes": [
                "sha256:11e007a8a2aa0323f5a921e9e6a2d7e4e67d9877e85773fba9ba6419025cbeb4",
                "sha256:9cf5292fcd0f598c671cfc1e0d7d1a7f13bb8085e9a590f48c010551dc6c4b31"
            ],
            "index": "pypi",
            "version": "==2.22.0"
        },
        "soupsieve": {
            "hashes": [
                "sha256:8662843366b8d8779dec4e2f921bebec9afd856a5ff2e82cd419acc5054a1a92",
                "sha256:a5a6166b4767725fd52ae55fee8c8b6137d9a51e9f1edea461a062a759160118"
            ],
            "version": "==1.9.3"
        },
        "urllib3": {
            "hashes": [
                "sha256:b246607a25ac80bedac05c6f282e3cdaf3afb65420fd024ac94435cabe6e18d1",
                "sha256:dbe59173209418ae49d485b87d1681aefa36252ee85884c31346debd19463232"
            ],
            "version": "==1.25.3"
        }
    },
    "develop": {}
}
